{
  "version": 4,
  "terraform_version": "1.13.3",
  "serial": 4,
  "lineage": "2745f8e0-e349-7322-b852-416efc83a5cb",
  "outputs": {
    "ec2_public_dns": {
      "value": "ec2-13-218-152-19.compute-1.amazonaws.com",
      "type": "string"
    },
    "ec2_public_ip": {
      "value": "13.218.152.19",
      "type": "string"
    }
  },
  "resources": [
    {
      "mode": "data",
      "type": "aws_ami",
      "name": "al2023",
      "provider": "provider[\"registry.terraform.io/hashicorp/aws\"]",
      "instances": [
        {
          "schema_version": 0,
          "attributes": {
            "architecture": "x86_64",
            "arn": "arn:aws:ec2:us-east-1::image/ami-0d823ae036c005edf",
            "block_device_mappings": [
              {
                "device_name": "/dev/xvda",
                "ebs": {
                  "delete_on_termination": "true",
                  "encrypted": "false",
                  "iops": "3000",
                  "snapshot_id": "snap-01dcf40dc6a84b6c6",
                  "throughput": "125",
                  "volume_initialization_rate": "0",
                  "volume_size": "2",
                  "volume_type": "gp3"
                },
                "no_device": "",
                "virtual_name": ""
              }
            ],
            "boot_mode": "uefi-preferred",
            "creation_date": "2025-10-23T20:01:23.000Z",
            "deprecation_time": "2026-01-21T00:00:00.000Z",
            "description": "Amazon Linux 2023 AMI 2023.9.20251027.0 x86_64 Minimal HVM kernel-6.1",
            "ena_support": true,
            "executable_users": null,
            "filter": [
              {
                "name": "name",
                "values": [
                  "al2023-ami-*-kernel-6.1-x86_64"
                ]
              }
            ],
            "hypervisor": "xen",
            "id": "ami-0d823ae036c005edf",
            "image_id": "ami-0d823ae036c005edf",
            "image_location": "amazon/al2023-ami-minimal-2023.9.20251027.0-kernel-6.1-x86_64",
            "image_owner_alias": "amazon",
            "image_type": "machine",
            "imds_support": "v2.0",
            "include_deprecated": false,
            "kernel_id": "",
            "last_launched_time": "",
            "most_recent": true,
            "name": "al2023-ami-minimal-2023.9.20251027.0-kernel-6.1-x86_64",
            "name_regex": null,
            "owner_id": "137112412989",
            "owners": [
              "137112412989"
            ],
            "platform": "",
            "platform_details": "Linux/UNIX",
            "product_codes": [],
            "public": true,
            "ramdisk_id": "",
            "root_device_name": "/dev/xvda",
            "root_device_type": "ebs",
            "root_snapshot_id": "snap-01dcf40dc6a84b6c6",
            "sriov_net_support": "simple",
            "state": "available",
            "state_reason": {
              "code": "UNSET",
              "message": "UNSET"
            },
            "tags": {},
            "timeouts": null,
            "tpm_support": "",
            "uefi_data": null,
            "usage_operation": "RunInstances",
            "virtualization_type": "hvm"
          },
          "sensitive_attributes": [],
          "identity_schema_version": 0
        }
      ]
    },
    {
      "mode": "managed",
      "type": "aws_instance",
      "name": "this",
      "provider": "provider[\"registry.terraform.io/hashicorp/aws\"]",
      "instances": [
        {
          "schema_version": 1,
          "attributes": {
            "ami": "ami-0d823ae036c005edf",
            "arn": "arn:aws:ec2:us-east-1:971614602868:instance/i-07ef78896fe5f6d0a",
            "associate_public_ip_address": true,
            "availability_zone": "us-east-1c",
            "capacity_reservation_specification": [
              {
                "capacity_reservation_preference": "open",
                "capacity_reservation_target": []
              }
            ],
            "cpu_core_count": 1,
            "cpu_options": [
              {
                "amd_sev_snp": "",
                "core_count": 1,
                "threads_per_core": 2
              }
            ],
            "cpu_threads_per_core": 2,
            "credit_specification": [
              {
                "cpu_credits": "unlimited"
              }
            ],
            "disable_api_stop": false,
            "disable_api_termination": false,
            "ebs_block_device": [],
            "ebs_optimized": false,
            "enable_primary_ipv6": null,
            "enclave_options": [
              {
                "enabled": false
              }
            ],
            "ephemeral_block_device": [],
            "get_password_data": false,
            "hibernation": false,
            "host_id": "",
            "host_resource_group_arn": null,
            "iam_instance_profile": "",
            "id": "i-07ef78896fe5f6d0a",
            "instance_initiated_shutdown_behavior": "stop",
            "instance_lifecycle": "",
            "instance_market_options": [],
            "instance_state": "running",
            "instance_type": "t3.micro",
            "ipv6_address_count": 0,
            "ipv6_addresses": [],
            "key_name": "demo-lab-cicd-kp",
            "launch_template": [],
            "maintenance_options": [
              {
                "auto_recovery": "default"
              }
            ],
            "metadata_options": [
              {
                "http_endpoint": "enabled",
                "http_protocol_ipv6": "disabled",
                "http_put_response_hop_limit": 2,
                "http_tokens": "required",
                "instance_metadata_tags": "disabled"
              }
            ],
            "monitoring": false,
            "network_interface": [],
            "outpost_arn": "",
            "password_data": "",
            "placement_group": "",
            "placement_partition_number": 0,
            "primary_network_interface_id": "eni-089fd99e50da3229b",
            "private_dns": "ip-172-31-25-236.ec2.internal",
            "private_dns_name_options": [
              {
                "enable_resource_name_dns_a_record": false,
                "enable_resource_name_dns_aaaa_record": false,
                "hostname_type": "ip-name"
              }
            ],
            "private_ip": "172.31.25.236",
            "public_dns": "ec2-13-218-152-19.compute-1.amazonaws.com",
            "public_ip": "13.218.152.19",
            "root_block_device": [
              {
                "delete_on_termination": true,
                "device_name": "/dev/xvda",
                "encrypted": false,
                "iops": 3000,
                "kms_key_id": "",
                "tags": {},
                "tags_all": {},
                "throughput": 125,
                "volume_id": "vol-0d86bfcc9a1e8c522",
                "volume_size": 2,
                "volume_type": "gp3"
              }
            ],
            "secondary_private_ips": [],
            "security_groups": [
              "demo-lab-cicd-sg"
            ],
            "source_dest_check": true,
            "spot_instance_request_id": "",
            "subnet_id": "subnet-0e2bcbf70d3aff582",
            "tags": {
              "Name": "demo-lab-cicd-ec2",
              "Project": "demo-lab-cicd"
            },
            "tags_all": {
              "Name": "demo-lab-cicd-ec2",
              "Project": "demo-lab-cicd"
            },
            "tenancy": "default",
            "timeouts": null,
            "user_data": "54afc5aa4697c6a66abf2ee56e0b9cffde039ba5",
            "user_data_base64": null,
            "user_data_replace_on_change": false,
            "volume_tags": null,
            "vpc_security_group_ids": [
              "sg-066ea4452cefd242d"
            ]
          },
          "sensitive_attributes": [],
          "identity_schema_version": 0,
          "private": "eyJlMmJmYjczMC1lY2FhLTExZTYtOGY4OC0zNDM2M2JjN2M0YzAiOnsiY3JlYXRlIjo2MDAwMDAwMDAwMDAsImRlbGV0ZSI6MTIwMDAwMDAwMDAwMCwicmVhZCI6OTAwMDAwMDAwMDAwLCJ1cGRhdGUiOjYwMDAwMDAwMDAwMH0sInNjaGVtYV92ZXJzaW9uIjoiMSJ9",
          "dependencies": [
            "aws_key_pair.this",
            "aws_security_group.this",
            "data.aws_ami.al2023"
          ]
        }
      ]
    },
    {
      "mode": "managed",
      "type": "aws_key_pair",
      "name": "this",
      "provider": "provider[\"registry.terraform.io/hashicorp/aws\"]",
      "instances": [
        {
          "schema_version": 1,
          "attributes": {
            "arn": "arn:aws:ec2:us-east-1:971614602868:key-pair/demo-lab-cicd-kp",
            "fingerprint": "14:b5:1c:db:4a:c7:47:9d:de:24:c6:5d:0a:5a:35:f4",
            "id": "demo-lab-cicd-kp",
            "key_name": "demo-lab-cicd-kp",
            "key_name_prefix": "",
            "key_pair_id": "key-06bcb20ae321de9b6",
            "key_type": "rsa",
            "public_key": "ssh-rsa AAAAB3NzaC1yc2EAAAADAQABAAACAQCgqauROclDqwQc4fjFd9AhbhKRahwhqTr/VLJHvkFAHbe5lnp1y/dFDCYoYjoZnsY0Dc2BPsOtumLEkePGyp7FFIN+ew+zLuNvozfjmAAkkI3a0yd7Wxr1K8n0h3i5SokMBZ7XvpnEBFQpojpptU9klz1qAdHWfElxQRkZcvORzWuf8vdsusiB69aowE4WjFNfnPYK8iX7qLMW++oeTrnk98229i6gY5SRTZLggDRYbrXAAZTJ1GBSD2juZuSXFhD7TUQZrUm5Ooim88kLid/soSjWEIXZLnNesxcKgzXaVcQT7wCJClMLdJe7A7we9Ly/NifSvPogjGBFXzXVahp8hma/I+OlrxusCdwA1j2hcwvXHvMClDTbmhCr1FicF0JjB+Wo6tVkCz1Mqg1kWpgOIW5XyQHkCqzBBypTDhF25MSKm9KTXFIH43FXVsaihMw8qTGowlMa3uC5sQl8Oy0KW4Q7/cwj+6qYQcxTeX/L/9yWWCHH+Md5T7Ok14/X+XsFrON+/U63YzVB5/i9ZTuxaX64TjNPesN6+n4VV1KsESGWVep2PnUdBTz8mQ/bF/RWte2TXNhwidX0f16P8Fuv5uwOf+EMbnu/63dCpXEYMbOTRTJT06ZXu4nJyrDBQ1yNGdTcMXY98Kv4kGiknWW3N6WKLID2i/Djaf9rFS2rsw== rapupena2909@gmail.com",
            "tags": null,
            "tags_all": {}
          },
          "sensitive_attributes": [],
          "identity_schema_version": 0,
          "private": "eyJzY2hlbWFfdmVyc2lvbiI6IjEifQ=="
        }
      ]
    },
    {
      "mode": "managed",
      "type": "aws_security_group",
      "name": "this",
      "provider": "provider[\"registry.terraform.io/hashicorp/aws\"]",
      "instances": [
        {
          "schema_version": 1,
          "attributes": {
            "arn": "arn:aws:ec2:us-east-1:971614602868:security-group/sg-066ea4452cefd242d",
            "description": "Acceso SSH limitado e HTTP publico",
            "egress": [
              {
                "cidr_blocks": [
                  "0.0.0.0/0"
                ],
                "description": "Salida libre",
                "from_port": 0,
                "ipv6_cidr_blocks": [],
                "prefix_list_ids": [],
                "protocol": "-1",
                "security_groups": [],
                "self": false,
                "to_port": 0
              }
            ],
            "id": "sg-066ea4452cefd242d",
            "ingress": [
              {
                "cidr_blocks": [
                  "0.0.0.0/0"
                ],
                "description": "HTTP",
                "from_port": 80,
                "ipv6_cidr_blocks": [],
                "prefix_list_ids": [],
                "protocol": "tcp",
                "security_groups": [],
                "self": false,
                "to_port": 80
              },
              {
                "cidr_blocks": [
                  "0.0.0.0/0"
                ],
                "description": "SSH",
                "from_port": 22,
                "ipv6_cidr_blocks": [],
                "prefix_list_ids": [],
                "protocol": "tcp",
                "security_groups": [],
                "self": false,
                "to_port": 22
              }
            ],
            "name": "demo-lab-cicd-sg",
            "name_prefix": "",
            "owner_id": "971614602868",
            "revoke_rules_on_delete": false,
            "tags": {
              "Name": "demo-lab-cicd-sg",
              "Project": "demo-lab-cicd"
            },
            "tags_all": {
              "Name": "demo-lab-cicd-sg",
              "Project": "demo-lab-cicd"
            },
            "timeouts": null,
            "vpc_id": "vpc-08f4343aa6221bb63"
          },
          "sensitive_attributes": [],
          "identity_schema_version": 0,
          "private": "eyJlMmJmYjczMC1lY2FhLTExZTYtOGY4OC0zNDM2M2JjN2M0YzAiOnsiY3JlYXRlIjo2MDAwMDAwMDAwMDAsImRlbGV0ZSI6OTAwMDAwMDAwMDAwfSwic2NoZW1hX3ZlcnNpb24iOiIxIn0="
        }
      ]
    }
  ],
  "check_results": null
}
